// !$*UTF8*$!
{
	archiveVersion = 1;
	classes = {
	};
	objectVersion = 46;
	objects = {

/* Begin PBXBuildFile section */
		71AF574F18F21AD20092C450 /* Foundation.framework in Frameworks */ = {isa = PBXBuildFile; fileRef = 71AF574E18F21AD20092C450 /* Foundation.framework */; };
		71AF575118F21AD20092C450 /* CoreGraphics.framework in Frameworks */ = {isa = PBXBuildFile; fileRef = 71AF575018F21AD20092C450 /* CoreGraphics.framework */; };
		71AF575318F21AD20092C450 /* UIKit.framework in Frameworks */ = {isa = PBXBuildFile; fileRef = 71AF575218F21AD20092C450 /* UIKit.framework */; };
		71AF575918F21AD20092C450 /* InfoPlist.strings in Resources */ = {isa = PBXBuildFile; fileRef = 71AF575718F21AD20092C450 /* InfoPlist.strings */; };
		71AF575B18F21AD20092C450 /* main.m in Sources */ = {isa = PBXBuildFile; fileRef = 71AF575A18F21AD20092C450 /* main.m */; };
		71AF575F18F21AD20092C450 /* AppDelegate.m in Sources */ = {isa = PBXBuildFile; fileRef = 71AF575E18F21AD20092C450 /* AppDelegate.m */; };
		71AF576218F21AD20092C450 /* Main_iPhone.storyboard in Resources */ = {isa = PBXBuildFile; fileRef = 71AF576018F21AD20092C450 /* Main_iPhone.storyboard */; };
		71AF576518F21AD20092C450 /* Main_iPad.storyboard in Resources */ = {isa = PBXBuildFile; fileRef = 71AF576318F21AD20092C450 /* Main_iPad.storyboard */; };
		71AF576818F21AD20092C450 /* ViewController.m in Sources */ = {isa = PBXBuildFile; fileRef = 71AF576718F21AD20092C450 /* ViewController.m */; };
		71AF576A18F21AD20092C450 /* Images.xcassets in Resources */ = {isa = PBXBuildFile; fileRef = 71AF576918F21AD20092C450 /* Images.xcassets */; };
		71AF577118F21AD20092C450 /* XCTest.framework in Frameworks */ = {isa = PBXBuildFile; fileRef = 71AF577018F21AD20092C450 /* XCTest.framework */; };
		71AF577218F21AD20092C450 /* Foundation.framework in Frameworks */ = {isa = PBXBuildFile; fileRef = 71AF574E18F21AD20092C450 /* Foundation.framework */; };
		71AF577318F21AD20092C450 /* UIKit.framework in Frameworks */ = {isa = PBXBuildFile; fileRef = 71AF575218F21AD20092C450 /* UIKit.framework */; };
		71AF577B18F21AD20092C450 /* InfoPlist.strings in Resources */ = {isa = PBXBuildFile; fileRef = 71AF577918F21AD20092C450 /* InfoPlist.strings */; };
		71AF577D18F21AD20092C450 /* Yoshi_CannonTests.m in Sources */ = {isa = PBXBuildFile; fileRef = 71AF577C18F21AD20092C450 /* Yoshi_CannonTests.m */; };
/* End PBXBuildFile section */

/* Begin PBXContainerItemProxy section */
		71AF577418F21AD20092C450 /* PBXContainerItemProxy */ = {
			isa = PBXContainerItemProxy;
			containerPortal = 71AF574318F21AD20092C450 /* Project object */;
			proxyType = 1;
			remoteGlobalIDString = 71AF574A18F21AD20092C450;
			remoteInfo = "Yoshi Cannon";
		};
/* End PBXContainerItemProxy section */

/* Begin PBXFileReference section */
		71AF574B18F21AD20092C450 /* Yoshi Cannon.app */ = {isa = PBXFileReference; explicitFileType = wrapper.application; includeInIndex = 0; path = "Yoshi Cannon.app"; sourceTree = BUILT_PRODUCTS_DIR; };
		71AF574E18F21AD20092C450 /* Foundation.framework */ = {isa = PBXFileReference; lastKnownFileType = wrapper.framework; name = Foundation.framework; path = System/Library/Frameworks/Foundation.framework; sourceTree = SDKROOT; };
		71AF575018F21AD20092C450 /* CoreGraphics.framework */ = {isa = PBXFileReference; lastKnownFileType = wrapper.framework; name = CoreGraphics.framework; path = System/Library/Frameworks/CoreGraphics.framework; sourceTree = SDKROOT; };
		71AF575218F21AD20092C450 /* UIKit.framework */ = {isa = PBXFileReference; lastKnownFileType = wrapper.framework; name = UIKit.framework; path = System/Library/Frameworks/UIKit.framework; sourceTree = SDKROOT; };
		71AF575618F21AD20092C450 /* Yoshi Cannon-Info.plist */ = {isa = PBXFileReference; lastKnownFileType = text.plist.xml; path = "Yoshi Cannon-Info.plist"; sourceTree = "<group>"; };
		71AF575818F21AD20092C450 /* en */ = {isa = PBXFileReference; lastKnownFileType = text.plist.strings; name = en; path = en.lproj/InfoPlist.strings; sourceTree = "<group>"; };
		71AF575A18F21AD20092C450 /* main.m */ = {isa = PBXFileReference; lastKnownFileType = sourcecode.c.objc; path = main.m; sourceTree = "<group>"; };
		71AF575C18F21AD20092C450 /* Yoshi Cannon-Prefix.pch */ = {isa = PBXFileReference; lastKnownFileType = sourcecode.c.h; path = "Yoshi Cannon-Prefix.pch"; sourceTree = "<group>"; };
		71AF575D18F21AD20092C450 /* AppDelegate.h */ = {isa = PBXFileReference; lastKnownFileType = sourcecode.c.h; path = AppDelegate.h; sourceTree = "<group>"; };
		71AF575E18F21AD20092C450 /* AppDelegate.m */ = {isa = PBXFileReference; lastKnownFileType = sourcecode.c.objc; path = AppDelegate.m; sourceTree = "<group>"; };
		71AF576118F21AD20092C450 /* Base */ = {isa = PBXFileReference; lastKnownFileType = file.storyboard; name = Base; path = Base.lproj/Main_iPhone.storyboard; sourceTree = "<group>"; };
		71AF576418F21AD20092C450 /* Base */ = {isa = PBXFileReference; lastKnownFileType = file.storyboard; name = Base; path = Base.lproj/Main_iPad.storyboard; sourceTree = "<group>"; };
		71AF576618F21AD20092C450 /* ViewController.h */ = {isa = PBXFileReference; lastKnownFileType = sourcecode.c.h; path = ViewController.h; sourceTree = "<group>"; };
		71AF576718F21AD20092C450 /* ViewController.m */ = {isa = PBXFileReference; lastKnownFileType = sourcecode.c.objc; path = ViewController.m; sourceTree = "<group>"; };
		71AF576918F21AD20092C450 /* Images.xcassets */ = {isa = PBXFileReference; lastKnownFileType = folder.assetcatalog; path = Images.xcassets; sourceTree = "<group>"; };
		71AF576F18F21AD20092C450 /* Yoshi CannonTests.xctest */ = {isa = PBXFileReference; explicitFileType = wrapper.cfbundle; includeInIndex = 0; path = "Yoshi CannonTests.xctest"; sourceTree = BUILT_PRODUCTS_DIR; };
		71AF577018F21AD20092C450 /* XCTest.framework */ = {isa = PBXFileReference; lastKnownFileType = wrapper.framework; name = XCTest.framework; path = Library/Frameworks/XCTest.framework; sourceTree = DEVELOPER_DIR; };
		71AF577818F21AD20092C450 /* Yoshi CannonTests-Info.plist */ = {isa = PBXFileReference; lastKnownFileType = text.plist.xml; path = "Yoshi CannonTests-Info.plist"; sourceTree = "<group>"; };
		71AF577A18F21AD20092C450 /* en */ = {isa = PBXFileReference; lastKnownFileType = text.plist.strings; name = en; path = en.lproj/InfoPlist.strings; sourceTree = "<group>"; };
		71AF577C18F21AD20092C450 /* Yoshi_CannonTests.m */ = {isa = PBXFileReference; lastKnownFileType = sourcecode.c.objc; path = Yoshi_CannonTests.m; sourceTree = "<group>"; };
/* End PBXFileReference section */

/* Begin PBXFrameworksBuildPhase section */
		71AF574818F21AD20092C450 /* Frameworks */ = {
			isa = PBXFrameworksBuildPhase;
			buildActionMask = 2147483647;
			files = (
				71AF575118F21AD20092C450 /* CoreGraphics.framework in Frameworks */,
				71AF575318F21AD20092C450 /* UIKit.framework in Frameworks */,
				71AF574F18F21AD20092C450 /* Foundation.framework in Frameworks */,
			);
			runOnlyForDeploymentPostprocessing = 0;
		};
		71AF576C18F21AD20092C450 /* Frameworks */ = {
			isa = PBXFrameworksBuildPhase;
			buildActionMask = 2147483647;
			files = (
				71AF577118F21AD20092C450 /* XCTest.framework in Frameworks */,
				71AF577318F21AD20092C450 /* UIKit.framework in Frameworks */,
				71AF577218F21AD20092C450 /* Foundation.framework in Frameworks */,
			);
			runOnlyForDeploymentPostprocessing = 0;
		};
/* End PBXFrameworksBuildPhase section */

/* Begin PBXGroup section */
		71AF574218F21AD20092C450 = {
			isa = PBXGroup;
			children = (
				71AF575418F21AD20092C450 /* Yoshi Cannon */,
				71AF577618F21AD20092C450 /* Yoshi CannonTests */,
				71AF574D18F21AD20092C450 /* Frameworks */,
				71AF574C18F21AD20092C450 /* Products */,
			);
			sourceTree = "<group>";
		};
		71AF574C18F21AD20092C450 /* Products */ = {
			isa = PBXGroup;
			children = (
				71AF574B18F21AD20092C450 /* Yoshi Cannon.app */,
				71AF576F18F21AD20092C450 /* Yoshi CannonTests.xctest */,
			);
			name = Products;
			sourceTree = "<group>";
		};
		71AF574D18F21AD20092C450 /* Frameworks */ = {
			isa = PBXGroup;
			children = (
				71AF574E18F21AD20092C450 /* Foundation.framework */,
				71AF575018F21AD20092C450 /* CoreGraphics.framework */,
				71AF575218F21AD20092C450 /* UIKit.framework */,
				71AF577018F21AD20092C450 /* XCTest.framework */,
			);
			name = Frameworks;
			sourceTree = "<group>";
		};
		71AF575418F21AD20092C450 /* Yoshi Cannon */ = {
			isa = PBXGroup;
			children = (
				71AF575D18F21AD20092C450 /* AppDelegate.h */,
				71AF575E18F21AD20092C450 /* AppDelegate.m */,
				71AF576018F21AD20092C450 /* Main_iPhone.storyboard */,
				71AF576318F21AD20092C450 /* Main_iPad.storyboard */,
				71AF576618F21AD20092C450 /* ViewController.h */,
				71AF576718F21AD20092C450 /* ViewController.m */,
				71AF576918F21AD20092C450 /* Images.xcassets */,
				71AF575518F21AD20092C450 /* Supporting Files */,
			);
			path = "Yoshi Cannon";
			sourceTree = "<group>";
		};
		71AF575518F21AD20092C450 /* Supporting Files */ = {
			isa = PBXGroup;
			children = (
				71AF575618F21AD20092C450 /* Yoshi Cannon-Info.plist */,
				71AF575718F21AD20092C450 /* InfoPlist.strings */,
				71AF575A18F21AD20092C450 /* main.m */,
				71AF575C18F21AD20092C450 /* Yoshi Cannon-Prefix.pch */,
			);
			name = "Supporting Files";
			sourceTree = "<group>";
		};
		71AF577618F21AD20092C450 /* Yoshi CannonTests */ = {
			isa = PBXGroup;
			children = (
				71AF577C18F21AD20092C450 /* Yoshi_CannonTests.m */,
				71AF577718F21AD20092C450 /* Supporting Files */,
			);
			path = "Yoshi CannonTests";
			sourceTree = "<group>";
		};
		71AF577718F21AD20092C450 /* Supporting Files */ = {
			isa = PBXGroup;
			children = (
				71AF577818F21AD20092C450 /* Yoshi CannonTests-Info.plist */,
				71AF577918F21AD20092C450 /* InfoPlist.strings */,
			);
			name = "Supporting Files";
			sourceTree = "<group>";
		};
/* End PBXGroup section */

/* Begin PBXNativeTarget section */
		71AF574A18F21AD20092C450 /* Yoshi Cannon */ = {
			isa = PBXNativeTarget;
			buildConfigurationList = 71AF578018F21AD20092C450 /* Build configuration list for PBXNativeTarget "Yoshi Cannon" */;
			buildPhases = (
				71AF574718F21AD20092C450 /* Sources */,
				71AF574818F21AD20092C450 /* Frameworks */,
				71AF574918F21AD20092C450 /* Resources */,
			);
			buildRules = (
			);
			dependencies = (
			);
			name = "Yoshi Cannon";
			productName = "Yoshi Cannon";
			productReference = 71AF574B18F21AD20092C450 /* Yoshi Cannon.app */;
			productType = "com.apple.product-type.application";
		};
		71AF576E18F21AD20092C450 /* Yoshi CannonTests */ = {
			isa = PBXNativeTarget;
			buildConfigurationList = 71AF578318F21AD20092C450 /* Build configuration list for PBXNativeTarget "Yoshi CannonTests" */;
			buildPhases = (
				71AF576B18F21AD20092C450 /* Sources */,
				71AF576C18F21AD20092C450 /* Frameworks */,
				71AF576D18F21AD20092C450 /* Resources */,
			);
			buildRules = (
			);
			dependencies = (
				71AF577518F21AD20092C450 /* PBXTargetDependency */,
			);
			name = "Yoshi CannonTests";
			productName = "Yoshi CannonTests";
			productReference = 71AF576F18F21AD20092C450 /* Yoshi CannonTests.xctest */;
			productType = "com.apple.product-type.bundle.unit-test";
		};
/* End PBXNativeTarget section */

/* Begin PBXProject section */
		71AF574318F21AD20092C450 /* Project object */ = {
			isa = PBXProject;
			attributes = {
				LastUpgradeCheck = 0510;
				ORGANIZATIONNAME = mmstudent;
				TargetAttributes = {
					71AF576E18F21AD20092C450 = {
						TestTargetID = 71AF574A18F21AD20092C450;
					};
				};
			};
			buildConfigurationList = 71AF574618F21AD20092C450 /* Build configuration list for PBXProject "Yoshi Cannon" */;
			compatibilityVersion = "Xcode 3.2";
			developmentRegion = English;
			hasScannedForEncodings = 0;
			knownRegions = (
				en,
				Base,
			);
			mainGroup = 71AF574218F21AD20092C450;
			productRefGroup = 71AF574C18F21AD20092C450 /* Products */;
			projectDirPath = "";
			projectRoot = "";
			targets = (
				71AF574A18F21AD20092C450 /* Yoshi Cannon */,
				71AF576E18F21AD20092C450 /* Yoshi CannonTests */,
			);
		};
/* End PBXProject section */

/* Begin PBXResourcesBuildPhase section */
		71AF574918F21AD20092C450 /* Resources */ = {
			isa = PBXResourcesBuildPhase;
			buildActionMask = 2147483647;
			files = (
				71AF576518F21AD20092C450 /* Main_iPad.storyboard in Resources */,
				71AF576A18F21AD20092C450 /* Images.xcassets in Resources */,
				71AF576218F21AD20092C450 /* Main_iPhone.storyboard in Resources */,
				71AF575918F21AD20092C450 /* InfoPlist.strings in Resources */,
			);
			runOnlyForDeploymentPostprocessing = 0;
		};
		71AF576D18F21AD20092C450 /* Resources */ = {
			isa = PBXResourcesBuildPhase;
			buildActionMask = 2147483647;
			files = (
				71AF577B18F21AD20092C450 /* InfoPlist.strings in Resources */,
			);
			runOnlyForDeploymentPostprocessing = 0;
		};
/* End PBXResourcesBuildPhase section */

/* Begin PBXSourcesBuildPhase section */
		71AF574718F21AD20092C450 /* Sources */ = {
			isa = PBXSourcesBuildPhase;
			buildActionMask = 2147483647;
			files = (
				71AF576818F21AD20092C450 /* ViewController.m in Sources */,
				71AF575F18F21AD20092C450 /* AppDelegate.m in Sources */,
				71AF575B18F21AD20092C450 /* main.m in Sources */,
			);
			runOnlyForDeploymentPostprocessing = 0;
		};
		71AF576B18F21AD20092C450 /* Sources */ = {
			isa = PBXSourcesBuildPhase;
			buildActionMask = 2147483647;
			files = (
				71AF577D18F21AD20092C450 /* Yoshi_CannonTests.m in Sources */,
			);
			runOnlyForDeploymentPostprocessing = 0;
		};
/* End PBXSourcesBuildPhase section */

/* Begin PBXTargetDependency section */
		71AF577518F21AD20092C450 /* PBXTargetDependency */ = {
			isa = PBXTargetDependency;
			target = 71AF574A18F21AD20092C450 /* Yoshi Cannon */;
			targetProxy = 71AF577418F21AD20092C450 /* PBXContainerItemProxy */;
		};
/* End PBXTargetDependency section */

/* Begin PBXVariantGroup section */
		71AF575718F21AD20092C450 /* InfoPlist.strings */ = {
			isa = PBXVariantGroup;
			children = (
				71AF575818F21AD20092C450 /* en */,
			);
			name = InfoPlist.strings;
			sourceTree = "<group>";
		};
		71AF576018F21AD20092C450 /* Main_iPhone.storyboard */ = {
			isa = PBXVariantGroup;
			children = (
				71AF576118F21AD20092C450 /* Base */,
			);
			name = Main_iPhone.storyboard;
			sourceTree = "<group>";
		};
		71AF576318F21AD20092C450 /* Main_iPad.storyboard */ = {
			isa = PBXVariantGroup;
			children = (
				71AF576418F21AD20092C450 /* Base */,
			);
			name = Main_iPad.storyboard;
			sourceTree = "<group>";
		};
		71AF577918F21AD20092C450 /* InfoPlist.strings */ = {
			isa = PBXVariantGroup;
			children = (
				71AF577A18F21AD20092C450 /* en */,
			);
			name = InfoPlist.strings;
			sourceTree = "<group>";
		};
/* End PBXVariantGroup section */

/* Begin XCBuildConfiguration section */
		71AF577E18F21AD20092C450 /* Debug */ = {
			isa = XCBuildConfiguration;
			buildSettings = {
				ALWAYS_SEARCH_USER_PATHS = NO;
				CLANG_CXX_LANGUAGE_STANDARD = "gnu++0x";
				CLANG_CXX_LIBRARY = "libc++";
				CLANG_ENABLE_MODULES = YES;
				CLANG_ENABLE_OBJC_ARC = YES;
				CLANG_WARN_BOOL_CONVERSION = YES;
				CLANG_WARN_CONSTANT_CONVERSION = YES;
				CLANG_WARN_DIRECT_OBJC_ISA_USAGE = YES_ERROR;
				CLANG_WARN_EMPTY_BODY = YES;
				CLANG_WARN_ENUM_CONVERSION = YES;
				CLANG_WARN_INT_CONVERSION = YES;
				CLANG_WARN_OBJC_ROOT_CLASS = YES_ERROR;
				CLANG_WARN__DUPLICATE_METHOD_MATCH = YES;
				"CODE_SIGN_IDENTITY[sdk=iphoneos*]" = "iPhone Developer";
				COPY_PHASE_STRIP = NO;
				GCC_C_LANGUAGE_STANDARD = gnu99;
				GCC_DYNAMIC_NO_PIC = NO;
				GCC_OPTIMIZATION_LEVEL = 0;
				GCC_PREPROCESSOR_DEFINITIONS = (
					"DEBUG=1",
					"$(inherited)",
				);
				GCC_SYMBOLS_PRIVATE_EXTERN = NO;
				GCC_WARN_64_TO_32_BIT_CONVERSION = YES;
				GCC_WARN_ABOUT_RETURN_TYPE = YES_ERROR;
				GCC_WARN_UNDECLARED_SELECTOR = YES;
				GCC_WARN_UNINITIALIZED_AUTOS = YES_AGGRESSIVE;
				GCC_WARN_UNUSED_FUNCTION = YES;
				GCC_WARN_UNUSED_VARIABLE = YES;
				IPHONEOS_DEPLOYMENT_TARGET = 7.1;
				ONLY_ACTIVE_ARCH = YES;
				SDKROOT = iphoneos;
				TARGETED_DEVICE_FAMILY = "1,2";
			};
			name = Debug;
		};
		71AF577F18F21AD20092C450 /* Release */ = {
			isa = XCBuildConfiguration;
			buildSettings = {
				ALWAYS_SEARCH_USER_PATHS = NO;
				CLANG_CXX_LANGUAGE_STANDARD = "gnu++0x";
				CLANG_CXX_LIBRARY = "libc++";
				CLANG_ENABLE_MODULES = YES;
				CLANG_ENABLE_OBJC_ARC = YES;
				CLANG_WARN_BOOL_CONVERSION = YES;
				CLANG_WARN_CONSTANT_CONVERSION = YES;
				CLANG_WARN_DIRECT_OBJC_ISA_USAGE = YES_ERROR;
				CLANG_WARN_EMPTY_BODY = YES;
				CLANG_WARN_ENUM_CONVERSION = YES;
				CLANG_WARN_INT_CONVERSION = YES;
				CLANG_WARN_OBJC_ROOT_CLASS = YES_ERROR;
				CLANG_WARN__DUPLICATE_METHOD_MATCH = YES;
				"CODE_SIGN_IDENTITY[sdk=iphoneos*]" = "iPhone Developer";
				COPY_PHASE_STRIP = YES;
				ENABLE_NS_ASSERTIONS = NO;
				GCC_C_LANGUAGE_STANDARD = gnu99;
				GCC_WARN_64_TO_32_BIT_CONVERSION = YES;
				GCC_WARN_ABOUT_RETURN_TYPE = YES_ERROR;
				GCC_WARN_UNDECLARED_SELECTOR = YES;
				GCC_WARN_UNINITIALIZED_AUTOS = YES_AGGRESSIVE;
				GCC_WARN_UNUSED_FUNCTION = YES;
				GCC_WARN_UNUSED_VARIABLE = YES;
				IPHONEOS_DEPLOYMENT_TARGET = 7.1;
				SDKROOT = iphoneos;
				TARGETED_DEVICE_FAMILY = "1,2";
				VALIDATE_PRODUCT = YES;
			};
			name = Release;
		};
		71AF578118F21AD20092C450 /* Debug */ = {
			isa = XCBuildConfiguration;
			buildSettings = {
				ASSETCATALOG_COMPILER_APPICON_NAME = AppIcon;
				ASSETCATALOG_COMPILER_LAUNCHIMAGE_NAME = LaunchImage;
				GCC_PRECOMPILE_PREFIX_HEADER = YES;
				GCC_PREFIX_HEADER = "Yoshi Cannon/Yoshi Cannon-Prefix.pch";
				INFOPLIST_FILE = "Yoshi Cannon/Yoshi Cannon-Info.plist";
				PRODUCT_NAME = "$(TARGET_NAME)";
				WRAPPER_EXTENSION = app;
			};
			name = Debug;
		};
		71AF578218F21AD20092C450 /* Release */ = {
			isa = XCBuildConfiguration;
			buildSettings = {
				ASSETCATALOG_COMPILER_APPICON_NAME = AppIcon;
				ASSETCATALOG_COMPILER_LAUNCHIMAGE_NAME = LaunchImage;
				GCC_PRECOMPILE_PREFIX_HEADER = YES;
				GCC_PREFIX_HEADER = "Yoshi Cannon/Yoshi Cannon-Prefix.pch";
				INFOPLIST_FILE = "Yoshi Cannon/Yoshi Cannon-Info.plist";
				PRODUCT_NAME = "$(TARGET_NAME)";
				WRAPPER_EXTENSION = app;
			};
			name = Release;
		};
		71AF578418F21AD20092C450 /* Debug */ = {
			isa = XCBuildConfiguration;
			buildSettings = {
				BUNDLE_LOADER = "$(BUILT_PRODUCTS_DIR)/Yoshi Cannon.app/Yoshi Cannon";
				FRAMEWORK_SEARCH_PATHS = (
					"$(SDKROOT)/Developer/Library/Frameworks",
					"$(inherited)",
					"$(DEVELOPER_FRAMEWORKS_DIR)",
				);
				GCC_PRECOMPILE_PREFIX_HEADER = YES;
				GCC_PREFIX_HEADER = "Yoshi Cannon/Yoshi Cannon-Prefix.pch";
				GCC_PREPROCESSOR_DEFINITIONS = (
					"DEBUG=1",
					"$(inherited)",
				);
				INFOPLIST_FILE = "Yoshi CannonTests/Yoshi CannonTests-Info.plist";
				PRODUCT_NAME = "$(TARGET_NAME)";
				TEST_HOST = "$(BUNDLE_LOADER)";
				WRAPPER_EXTENSION = xctest;
			};
			name = Debug;
		};
		71AF578518F21AD20092C450 /* Release */ = {
			isa = XCBuildConfiguration;
			buildSettings = {
				BUNDLE_LOADER = "$(BUILT_PRODUCTS_DIR)/Yoshi Cannon.app/Yoshi Cannon";
				FRAMEWORK_SEARCH_PATHS = (
					"$(SDKROOT)/Developer/Library/Frameworks",
					"$(inherited)",
					"$(DEVELOPER_FRAMEWORKS_DIR)",
				);
				GCC_PRECOMPILE_PREFIX_HEADER = YES;
				GCC_PREFIX_HEADER = "Yoshi Cannon/Yoshi Cannon-Prefix.pch";
				INFOPLIST_FILE = "Yoshi CannonTests/Yoshi CannonTests-Info.plist";
				PRODUCT_NAME = "$(TARGET_NAME)";
				TEST_HOST = "$(BUNDLE_LOADER)";
				WRAPPER_EXTENSION = xctest;
			};
			name = Release;
		};
/* End XCBuildConfiguration section */

/* Begin XCConfigurationList section */
		71AF574618F21AD20092C450 /* Build configuration list for PBXProject "Yoshi Cannon" */ = {
			isa = XCConfigurationList;
			buildConfigurations = (
				71AF577E18F21AD20092C450 /* Debug */,
				71AF577F18F21AD20092C450 /* Release */,
			);
			defaultConfigurationIsVisible = 0;
			defaultConfigurationName = Release;
		};
		71AF578018F21AD20092C450 /* Build configuration list for PBXNativeTarget "Yoshi Cannon" */ = {
			isa = XCConfigurationList;
			buildConfigurations = (
				71AF578118F21AD20092C450 /* Debug */,
				71AF578218F21AD20092C450 /* Release */,
			);
			defaultConfigurationIsVisible = 0;
		};
		71AF578318F21AD20092C450 /* Build configuration list for PBXNativeTarget "Yoshi CannonTests" */ = {
			isa = XCConfigurationList;
			buildConfigurations = (
				71AF578418F21AD20092C450 /* Debug */,
				71AF578518F21AD20092C450 /* Release */,
			);
			defaultConfigurationIsVisible = 0;
		};
/* End XCConfigurationList section */
	};
	rootObject = 71AF574318F21AD20092C450 /* Project object */;
}
